{
	"data": {
		"data": [
			{
				"payload": {
					"data": {
						"config": {
							"channel_group": {
								"groups": {
									"Consortiums": {
										"groups": {
											"TheConsortium": {
												"groups": {
													"Yolean2MSP": {
														"groups": {},
														"mod_policy": "Admins",
														"policies": {
															"Admins": {
																"mod_policy": "Admins",
																"policy": {
																	"type": 1,
																	"value": {
																		"identities": [
																			{
																				"principal": {
																					"msp_identifier": "Yolean2MSP",
																					"role": "ADMIN"
																				},
																				"principal_classification": "ROLE"
																			}
																		],
																		"rule": {
																			"n_out_of": {
																				"n": 1,
																				"rules": [
																					{
																						"signed_by": 0
																					}
																				]
																			}
																		},
																		"version": 0
																	}
																},
																"version": "0"
															},
															"Readers": {
																"mod_policy": "Admins",
																"policy": {
																	"type": 1,
																	"value": {
																		"identities": [
																			{
																				"principal": {
																					"msp_identifier": "Yolean2MSP",
																					"role": "MEMBER"
																				},
																				"principal_classification": "ROLE"
																			}
																		],
																		"rule": {
																			"n_out_of": {
																				"n": 1,
																				"rules": [
																					{
																						"signed_by": 0
																					}
																				]
																			}
																		},
																		"version": 0
																	}
																},
																"version": "0"
															},
															"Writers": {
																"mod_policy": "Admins",
																"policy": {
																	"type": 1,
																	"value": {
																		"identities": [
																			{
																				"principal": {
																					"msp_identifier": "Yolean2MSP",
																					"role": "MEMBER"
																				},
																				"principal_classification": "ROLE"
																			}
																		],
																		"rule": {
																			"n_out_of": {
																				"n": 1,
																				"rules": [
																					{
																						"signed_by": 0
																					}
																				]
																			}
																		},
																		"version": 0
																	}
																},
																"version": "0"
															}
														},
														"values": {
															"MSP": {
																"mod_policy": "Admins",
																"value": {
																	"config": {
																		"admins": [
																			"LS0tLS1CRUdJTiBDRVJUSUZJQ0FURS0tLS0tCk1JSUNHVENDQWIrZ0F3SUJBZ0lSQU95RHN2U2xWRmRQTEo0U0hyM3pLeUl3Q2dZSUtvWkl6ajBFQXdJd1p6RUwKTUFrR0ExVUVCaE1DVlZNeEV6QVJCZ05WQkFnVENrTmhiR2xtYjNKdWFXRXhGakFVQmdOVkJBY1REVk5oYmlCRwpjbUZ1WTJselkyOHhFekFSQmdOVkJBb1RDbmx2YkdWaGJqSXVjMlV4RmpBVUJnTlZCQU1URFdOaExubHZiR1ZoCmJqSXVjMlV3SGhjTk1qQXdPVEUzTURjME5qQXdXaGNOTXpBd09URTFNRGMwTmpBd1dqQm1NUXN3Q1FZRFZRUUcKRXdKVlV6RVRNQkVHQTFVRUNCTUtRMkZzYVdadmNtNXBZVEVXTUJRR0ExVUVCeE1OVTJGdUlFWnlZVzVqYVhOagpiekVQTUEwR0ExVUVDeE1HWTJ4cFpXNTBNUmt3RndZRFZRUUREQkJCWkcxcGJrQjViMnhsWVc0eUxuTmxNRmt3CkV3WUhLb1pJemowQ0FRWUlLb1pJemowREFRY0RRZ0FFV0cvdmNqYlNtQW5KTDJIOHp5RXVOWkRKb3dMTTFpWVIKa1VPL3ZkVEhXZXc0Q1NMS2tkeG5Cb0FTbnI0aTYvWFJUWVJIOStKeUx3N3o2SFZyZVd2bnJxTk5NRXN3RGdZRApWUjBQQVFIL0JBUURBZ2VBTUF3R0ExVWRFd0VCL3dRQ01BQXdLd1lEVlIwakJDUXdJb0FnU2RPUzR1Z0htbXJzCmhRY3J3VVhKS3NZZU9WdmhzTktkU1o2L2lXbXowS2t3Q2dZSUtvWkl6ajBFQXdJRFNBQXdSUUloQU0rYWNlOFkKMk13MFBrbjluOWVmbWlFdFIrUXV5Y1o5ZzFwN2VjNVl5Q3d5QWlCeWQ4NEpyWGtPWjhMU0ErUkVVMmRjempCSwpIVlZkemxLS0RDbFlUa0JTUmc9PQotLS0tLUVORCBDRVJUSUZJQ0FURS0tLS0tCg=="
																		],
																		"crypto_config": {
																			"identity_identifier_hash_function": "SHA256",
																			"signature_hash_family": "SHA2"
																		},
																		"fabric_node_ous": {
																			"admin_ou_identifier": null,
																			"client_ou_identifier": {
																				"certificate": "LS0tLS1CRUdJTiBDRVJUSUZJQ0FURS0tLS0tCk1JSUNLekNDQWRLZ0F3SUJBZ0lSQUovV3JJU1FVR1c4YjYxYXR4NWw0a1F3Q2dZSUtvWkl6ajBFQXdJd1p6RUwKTUFrR0ExVUVCaE1DVlZNeEV6QVJCZ05WQkFnVENrTmhiR2xtYjNKdWFXRXhGakFVQmdOVkJBY1REVk5oYmlCRwpjbUZ1WTJselkyOHhFekFSQmdOVkJBb1RDbmx2YkdWaGJqSXVjMlV4RmpBVUJnTlZCQU1URFdOaExubHZiR1ZoCmJqSXVjMlV3SGhjTk1qQXdPVEUzTURjME5qQXdXaGNOTXpBd09URTFNRGMwTmpBd1dqQm5NUXN3Q1FZRFZRUUcKRXdKVlV6RVRNQkVHQTFVRUNCTUtRMkZzYVdadmNtNXBZVEVXTUJRR0ExVUVCeE1OVTJGdUlFWnlZVzVqYVhOagpiekVUTUJFR0ExVUVDaE1LZVc5c1pXRnVNaTV6WlRFV01CUUdBMVVFQXhNTlkyRXVlVzlzWldGdU1pNXpaVEJaCk1CTUdCeXFHU000OUFnRUdDQ3FHU000OUF3RUhBMElBQkJaNzFqUUhXOVNzc2RaSExUN2lvKys5UkNLalViQ2sKendrTGJuZEZUM0dyOHB4WHcwUGNyYUxUSWVoelpkQ09uTlVPTy9MM3I2U1Z4bjlTUlNaRDNsK2pYekJkTUE0RwpBMVVkRHdFQi93UUVBd0lCcGpBUEJnTlZIU1VFQ0RBR0JnUlZIU1VBTUE4R0ExVWRFd0VCL3dRRk1BTUJBZjh3CktRWURWUjBPQkNJRUlFblRrdUxvQjVwcTdJVUhLOEZGeVNyR0hqbGI0YkRTblVtZXY0bHBzOUNwTUFvR0NDcUcKU000OUJBTUNBMGNBTUVRQ0lCOTB2THhaZmE4cXVNNzVBeUFNVEdURlZjaW1ZdE5xWlM5S2JUYXNSMmhCQWlBQgoyUjJLcW96YjJ0N0RmdHlSZEZqdjVHcngzdHhXREd6OXdoaGpsRDQ4NXc9PQotLS0tLUVORCBDRVJUSUZJQ0FURS0tLS0tCg==",
																				"organizational_unit_identifier": "client"
																			},
																			"enable": true,
																			"orderer_ou_identifier": null,
																			"peer_ou_identifier": {
																				"certificate": "LS0tLS1CRUdJTiBDRVJUSUZJQ0FURS0tLS0tCk1JSUNLekNDQWRLZ0F3SUJBZ0lSQUovV3JJU1FVR1c4YjYxYXR4NWw0a1F3Q2dZSUtvWkl6ajBFQXdJd1p6RUwKTUFrR0ExVUVCaE1DVlZNeEV6QVJCZ05WQkFnVENrTmhiR2xtYjNKdWFXRXhGakFVQmdOVkJBY1REVk5oYmlCRwpjbUZ1WTJselkyOHhFekFSQmdOVkJBb1RDbmx2YkdWaGJqSXVjMlV4RmpBVUJnTlZCQU1URFdOaExubHZiR1ZoCmJqSXVjMlV3SGhjTk1qQXdPVEUzTURjME5qQXdXaGNOTXpBd09URTFNRGMwTmpBd1dqQm5NUXN3Q1FZRFZRUUcKRXdKVlV6RVRNQkVHQTFVRUNCTUtRMkZzYVdadmNtNXBZVEVXTUJRR0ExVUVCeE1OVTJGdUlFWnlZVzVqYVhOagpiekVUTUJFR0ExVUVDaE1LZVc5c1pXRnVNaTV6WlRFV01CUUdBMVVFQXhNTlkyRXVlVzlzWldGdU1pNXpaVEJaCk1CTUdCeXFHU000OUFnRUdDQ3FHU000OUF3RUhBMElBQkJaNzFqUUhXOVNzc2RaSExUN2lvKys5UkNLalViQ2sKendrTGJuZEZUM0dyOHB4WHcwUGNyYUxUSWVoelpkQ09uTlVPTy9MM3I2U1Z4bjlTUlNaRDNsK2pYekJkTUE0RwpBMVVkRHdFQi93UUVBd0lCcGpBUEJnTlZIU1VFQ0RBR0JnUlZIU1VBTUE4R0ExVWRFd0VCL3dRRk1BTUJBZjh3CktRWURWUjBPQkNJRUlFblRrdUxvQjVwcTdJVUhLOEZGeVNyR0hqbGI0YkRTblVtZXY0bHBzOUNwTUFvR0NDcUcKU000OUJBTUNBMGNBTUVRQ0lCOTB2THhaZmE4cXVNNzVBeUFNVEdURlZjaW1ZdE5xWlM5S2JUYXNSMmhCQWlBQgoyUjJLcW96YjJ0N0RmdHlSZEZqdjVHcngzdHhXREd6OXdoaGpsRDQ4NXc9PQotLS0tLUVORCBDRVJUSUZJQ0FURS0tLS0tCg==",
																				"organizational_unit_identifier": "peer"
																			}
																		},
																		"intermediate_certs": [],
																		"name": "Yolean2MSP",
																		"organizational_unit_identifiers": [],
																		"revocation_list": [],
																		"root_certs": [
																			"LS0tLS1CRUdJTiBDRVJUSUZJQ0FURS0tLS0tCk1JSUNLekNDQWRLZ0F3SUJBZ0lSQUovV3JJU1FVR1c4YjYxYXR4NWw0a1F3Q2dZSUtvWkl6ajBFQXdJd1p6RUwKTUFrR0ExVUVCaE1DVlZNeEV6QVJCZ05WQkFnVENrTmhiR2xtYjNKdWFXRXhGakFVQmdOVkJBY1REVk5oYmlCRwpjbUZ1WTJselkyOHhFekFSQmdOVkJBb1RDbmx2YkdWaGJqSXVjMlV4RmpBVUJnTlZCQU1URFdOaExubHZiR1ZoCmJqSXVjMlV3SGhjTk1qQXdPVEUzTURjME5qQXdXaGNOTXpBd09URTFNRGMwTmpBd1dqQm5NUXN3Q1FZRFZRUUcKRXdKVlV6RVRNQkVHQTFVRUNCTUtRMkZzYVdadmNtNXBZVEVXTUJRR0ExVUVCeE1OVTJGdUlFWnlZVzVqYVhOagpiekVUTUJFR0ExVUVDaE1LZVc5c1pXRnVNaTV6WlRFV01CUUdBMVVFQXhNTlkyRXVlVzlzWldGdU1pNXpaVEJaCk1CTUdCeXFHU000OUFnRUdDQ3FHU000OUF3RUhBMElBQkJaNzFqUUhXOVNzc2RaSExUN2lvKys5UkNLalViQ2sKendrTGJuZEZUM0dyOHB4WHcwUGNyYUxUSWVoelpkQ09uTlVPTy9MM3I2U1Z4bjlTUlNaRDNsK2pYekJkTUE0RwpBMVVkRHdFQi93UUVBd0lCcGpBUEJnTlZIU1VFQ0RBR0JnUlZIU1VBTUE4R0ExVWRFd0VCL3dRRk1BTUJBZjh3CktRWURWUjBPQkNJRUlFblRrdUxvQjVwcTdJVUhLOEZGeVNyR0hqbGI0YkRTblVtZXY0bHBzOUNwTUFvR0NDcUcKU000OUJBTUNBMGNBTUVRQ0lCOTB2THhaZmE4cXVNNzVBeUFNVEdURlZjaW1ZdE5xWlM5S2JUYXNSMmhCQWlBQgoyUjJLcW96YjJ0N0RmdHlSZEZqdjVHcngzdHhXREd6OXdoaGpsRDQ4NXc9PQotLS0tLUVORCBDRVJUSUZJQ0FURS0tLS0tCg=="
																		],
																		"signing_identity": null,
																		"tls_intermediate_certs": [],
																		"tls_root_certs": [
																			"LS0tLS1CRUdJTiBDRVJUSUZJQ0FURS0tLS0tCk1JSUNNVENDQWRpZ0F3SUJBZ0lSQUthOHdRc1RzMEhaUm1TTUFxSlIxUUF3Q2dZSUtvWkl6ajBFQXdJd2FqRUwKTUFrR0ExVUVCaE1DVlZNeEV6QVJCZ05WQkFnVENrTmhiR2xtYjNKdWFXRXhGakFVQmdOVkJBY1REVk5oYmlCRwpjbUZ1WTJselkyOHhFekFSQmdOVkJBb1RDbmx2YkdWaGJqSXVjMlV4R1RBWEJnTlZCQU1URUhSc2MyTmhMbmx2CmJHVmhiakl1YzJVd0hoY05NakF3T1RFM01EYzBOakF3V2hjTk16QXdPVEUxTURjME5qQXdXakJxTVFzd0NRWUQKVlFRR0V3SlZVekVUTUJFR0ExVUVDQk1LUTJGc2FXWnZjbTVwWVRFV01CUUdBMVVFQnhNTlUyRnVJRVp5WVc1agphWE5qYnpFVE1CRUdBMVVFQ2hNS2VXOXNaV0Z1TWk1elpURVpNQmNHQTFVRUF4TVFkR3h6WTJFdWVXOXNaV0Z1Ck1pNXpaVEJaTUJNR0J5cUdTTTQ5QWdFR0NDcUdTTTQ5QXdFSEEwSUFCTEhtSEloWmt6RzB6Vi8ycUk5ZisyU3gKeFZOdHRxZWNMRjlxTlhLK21JVENDSWZaSUQvTnFZZnVKZmtwNU5hWGkxL3lGV0pNaWNmaEJZTWJxaXhTM1FpagpYekJkTUE0R0ExVWREd0VCL3dRRUF3SUJwakFQQmdOVkhTVUVDREFHQmdSVkhTVUFNQThHQTFVZEV3RUIvd1FGCk1BTUJBZjh3S1FZRFZSME9CQ0lFSUZJMmFjMytzSHhBUTd0S2QyQmhLSDIvdUJScDhEQjRLcko1QytCSXBQREUKTUFvR0NDcUdTTTQ5QkFNQ0EwY0FNRVFDSUdMRnRrVDRvRFBtSkhQT2pYbWNmaU45UzNISk9uRHBTYzVoSDdWbwp1MnpSQWlBa3NXSzl5NWliNjJZQ1MxV2ZSV2R4bCtXUnJoUkNURFFra3lUWnM0UlgyQT09Ci0tLS0tRU5EIENFUlRJRklDQVRFLS0tLS0K"
																		]
																	},
																	"type": 0
																},
																"version": "0"
															}
														},
														"version": "0"
													},
													"YoleanMSP": {
														"groups": {},
														"mod_policy": "Admins",
														"policies": {
															"Admins": {
																"mod_policy": "Admins",
																"policy": {
																	"type": 1,
																	"value": {
																		"identities": [
																			{
																				"principal": {
																					"msp_identifier": "YoleanMSP",
																					"role": "ADMIN"
																				},
																				"principal_classification": "ROLE"
																			}
																		],
																		"rule": {
																			"n_out_of": {
																				"n": 1,
																				"rules": [
																					{
																						"signed_by": 0
																					}
																				]
																			}
																		},
																		"version": 0
																	}
																},
																"version": "0"
															},
															"Readers": {
																"mod_policy": "Admins",
																"policy": {
																	"type": 1,
																	"value": {
																		"identities": [
																			{
																				"principal": {
																					"msp_identifier": "YoleanMSP",
																					"role": "MEMBER"
																				},
																				"principal_classification": "ROLE"
																			}
																		],
																		"rule": {
																			"n_out_of": {
																				"n": 1,
																				"rules": [
																					{
																						"signed_by": 0
																					}
																				]
																			}
																		},
																		"version": 0
																	}
																},
																"version": "0"
															},
															"Writers": {
																"mod_policy": "Admins",
																"policy": {
																	"type": 1,
																	"value": {
																		"identities": [
																			{
																				"principal": {
																					"msp_identifier": "YoleanMSP",
																					"role": "MEMBER"
																				},
																				"principal_classification": "ROLE"
																			}
																		],
																		"rule": {
																			"n_out_of": {
																				"n": 1,
																				"rules": [
																					{
																						"signed_by": 0
																					}
																				]
																			}
																		},
																		"version": 0
																	}
																},
																"version": "0"
															}
														},
														"values": {
															"MSP": {
																"mod_policy": "Admins",
																"value": {
																	"config": {
																		"admins": [
																			"LS0tLS1CRUdJTiBDRVJUSUZJQ0FURS0tLS0tCk1JSUNGRENDQWJ1Z0F3SUJBZ0lRS1hPbThCeHRBeUcramh2UTM4NmVpakFLQmdncWhrak9QUVFEQWpCbE1Rc3cKQ1FZRFZRUUdFd0pWVXpFVE1CRUdBMVVFQ0JNS1EyRnNhV1p2Y201cFlURVdNQlFHQTFVRUJ4TU5VMkZ1SUVaeQpZVzVqYVhOamJ6RVNNQkFHQTFVRUNoTUplVzlzWldGdUxuTmxNUlV3RXdZRFZRUURFd3hqWVM1NWIyeGxZVzR1CmMyVXdIaGNOTWpBd09URTNNRGMwTmpBd1doY05NekF3T1RFMU1EYzBOakF3V2pCbE1Rc3dDUVlEVlFRR0V3SlYKVXpFVE1CRUdBMVVFQ0JNS1EyRnNhV1p2Y201cFlURVdNQlFHQTFVRUJ4TU5VMkZ1SUVaeVlXNWphWE5qYnpFUApNQTBHQTFVRUN4TUdZMnhwWlc1ME1SZ3dGZ1lEVlFRRERBOUJaRzFwYmtCNWIyeGxZVzR1YzJVd1dUQVRCZ2NxCmhrak9QUUlCQmdncWhrak9QUU1CQndOQ0FBUTNNTlFWeTF2QjdCcm5WOFdzVVFmRkJnaGFkeTNnakxqRFpoTjkKcmh1WmlQUWFZLzFYaXRUb3B4VWN5TmhuRzM1SDNKVW1ZNTVGaENLVHpQdWcwZFljbzAwd1N6QU9CZ05WSFE4QgpBZjhFQkFNQ0I0QXdEQVlEVlIwVEFRSC9CQUl3QURBckJnTlZIU01FSkRBaWdDQzJBdXFLTGE0bE85bys3QVRZCmZ5bDFjRFRkUGRESk9abjc0NjBVYndrUlBEQUtCZ2dxaGtqT1BRUURBZ05IQURCRUFpQU5Eb2t2TktCNkRiZjcKclgzZCt5YndkWUpQZU9qVGVCelN4RE15RGJvTHlnSWdJU2MzbzM2endOMjAyeEhKTGpLY1BGQTdPcXRDWHU2VgpJUjdPNVVjVHQ1Zz0KLS0tLS1FTkQgQ0VSVElGSUNBVEUtLS0tLQo="
																		],
																		"crypto_config": {
																			"identity_identifier_hash_function": "SHA256",
																			"signature_hash_family": "SHA2"
																		},
																		"fabric_node_ous": {
																			"admin_ou_identifier": null,
																			"client_ou_identifier": {
																				"certificate": "LS0tLS1CRUdJTiBDRVJUSUZJQ0FURS0tLS0tCk1JSUNKekNDQWM2Z0F3SUJBZ0lSQVBVeDFFTkd4d1hzWE5BbCswZnlmbDB3Q2dZSUtvWkl6ajBFQXdJd1pURUwKTUFrR0ExVUVCaE1DVlZNeEV6QVJCZ05WQkFnVENrTmhiR2xtYjNKdWFXRXhGakFVQmdOVkJBY1REVk5oYmlCRwpjbUZ1WTJselkyOHhFakFRQmdOVkJBb1RDWGx2YkdWaGJpNXpaVEVWTUJNR0ExVUVBeE1NWTJFdWVXOXNaV0Z1CkxuTmxNQjRYRFRJd01Ea3hOekEzTkRZd01Gb1hEVE13TURreE5UQTNORFl3TUZvd1pURUxNQWtHQTFVRUJoTUMKVlZNeEV6QVJCZ05WQkFnVENrTmhiR2xtYjNKdWFXRXhGakFVQmdOVkJBY1REVk5oYmlCR2NtRnVZMmx6WTI4eApFakFRQmdOVkJBb1RDWGx2YkdWaGJpNXpaVEVWTUJNR0ExVUVBeE1NWTJFdWVXOXNaV0Z1TG5ObE1Ga3dFd1lICktvWkl6ajBDQVFZSUtvWkl6ajBEQVFjRFFnQUVUcFJjVFowdHVhV1RiOTlVUjhGM281cGJJaDZuNkdpeXhMa28KTGtEdGZQS3VBdGFFWVpEQncwU0JZd09JcmtjdDY4bERxNGVSeXdydEFjSklaU1I5c2FOZk1GMHdEZ1lEVlIwUApBUUgvQkFRREFnR21NQThHQTFVZEpRUUlNQVlHQkZVZEpRQXdEd1lEVlIwVEFRSC9CQVV3QXdFQi96QXBCZ05WCkhRNEVJZ1FndGdMcWlpMnVKVHZhUHV3RTJIOHBkWEEwM1QzUXlUbVorK090Rkc4SkVUd3dDZ1lJS29aSXpqMEUKQXdJRFJ3QXdSQUlnQXpqRE93QndYM1B1N21vbGFFckEvMjZsV25yYTEvR0lrcnplcjQ2VzZkb0NJRmJrQzNxUAo5aGxLZG1hWG9qSk5Cc2RVanZKdUhZdHpNYzJNY0pQNjNNTkQKLS0tLS1FTkQgQ0VSVElGSUNBVEUtLS0tLQo=",
																				"organizational_unit_identifier": "client"
																			},
																			"enable": true,
																			"orderer_ou_identifier": null,
																			"peer_ou_identifier": {
																				"certificate": "LS0tLS1CRUdJTiBDRVJUSUZJQ0FURS0tLS0tCk1JSUNKekNDQWM2Z0F3SUJBZ0lSQVBVeDFFTkd4d1hzWE5BbCswZnlmbDB3Q2dZSUtvWkl6ajBFQXdJd1pURUwKTUFrR0ExVUVCaE1DVlZNeEV6QVJCZ05WQkFnVENrTmhiR2xtYjNKdWFXRXhGakFVQmdOVkJBY1REVk5oYmlCRwpjbUZ1WTJselkyOHhFakFRQmdOVkJBb1RDWGx2YkdWaGJpNXpaVEVWTUJNR0ExVUVBeE1NWTJFdWVXOXNaV0Z1CkxuTmxNQjRYRFRJd01Ea3hOekEzTkRZd01Gb1hEVE13TURreE5UQTNORFl3TUZvd1pURUxNQWtHQTFVRUJoTUMKVlZNeEV6QVJCZ05WQkFnVENrTmhiR2xtYjNKdWFXRXhGakFVQmdOVkJBY1REVk5oYmlCR2NtRnVZMmx6WTI4eApFakFRQmdOVkJBb1RDWGx2YkdWaGJpNXpaVEVWTUJNR0ExVUVBeE1NWTJFdWVXOXNaV0Z1TG5ObE1Ga3dFd1lICktvWkl6ajBDQVFZSUtvWkl6ajBEQVFjRFFnQUVUcFJjVFowdHVhV1RiOTlVUjhGM281cGJJaDZuNkdpeXhMa28KTGtEdGZQS3VBdGFFWVpEQncwU0JZd09JcmtjdDY4bERxNGVSeXdydEFjSklaU1I5c2FOZk1GMHdEZ1lEVlIwUApBUUgvQkFRREFnR21NQThHQTFVZEpRUUlNQVlHQkZVZEpRQXdEd1lEVlIwVEFRSC9CQVV3QXdFQi96QXBCZ05WCkhRNEVJZ1FndGdMcWlpMnVKVHZhUHV3RTJIOHBkWEEwM1QzUXlUbVorK090Rkc4SkVUd3dDZ1lJS29aSXpqMEUKQXdJRFJ3QXdSQUlnQXpqRE93QndYM1B1N21vbGFFckEvMjZsV25yYTEvR0lrcnplcjQ2VzZkb0NJRmJrQzNxUAo5aGxLZG1hWG9qSk5Cc2RVanZKdUhZdHpNYzJNY0pQNjNNTkQKLS0tLS1FTkQgQ0VSVElGSUNBVEUtLS0tLQo=",
																				"organizational_unit_identifier": "peer"
																			}
																		},
																		"intermediate_certs": [],
																		"name": "YoleanMSP",
																		"organizational_unit_identifiers": [],
																		"revocation_list": [],
																		"root_certs": [
																			"LS0tLS1CRUdJTiBDRVJUSUZJQ0FURS0tLS0tCk1JSUNKekNDQWM2Z0F3SUJBZ0lSQVBVeDFFTkd4d1hzWE5BbCswZnlmbDB3Q2dZSUtvWkl6ajBFQXdJd1pURUwKTUFrR0ExVUVCaE1DVlZNeEV6QVJCZ05WQkFnVENrTmhiR2xtYjNKdWFXRXhGakFVQmdOVkJBY1REVk5oYmlCRwpjbUZ1WTJselkyOHhFakFRQmdOVkJBb1RDWGx2YkdWaGJpNXpaVEVWTUJNR0ExVUVBeE1NWTJFdWVXOXNaV0Z1CkxuTmxNQjRYRFRJd01Ea3hOekEzTkRZd01Gb1hEVE13TURreE5UQTNORFl3TUZvd1pURUxNQWtHQTFVRUJoTUMKVlZNeEV6QVJCZ05WQkFnVENrTmhiR2xtYjNKdWFXRXhGakFVQmdOVkJBY1REVk5oYmlCR2NtRnVZMmx6WTI4eApFakFRQmdOVkJBb1RDWGx2YkdWaGJpNXpaVEVWTUJNR0ExVUVBeE1NWTJFdWVXOXNaV0Z1TG5ObE1Ga3dFd1lICktvWkl6ajBDQVFZSUtvWkl6ajBEQVFjRFFnQUVUcFJjVFowdHVhV1RiOTlVUjhGM281cGJJaDZuNkdpeXhMa28KTGtEdGZQS3VBdGFFWVpEQncwU0JZd09JcmtjdDY4bERxNGVSeXdydEFjSklaU1I5c2FOZk1GMHdEZ1lEVlIwUApBUUgvQkFRREFnR21NQThHQTFVZEpRUUlNQVlHQkZVZEpRQXdEd1lEVlIwVEFRSC9CQVV3QXdFQi96QXBCZ05WCkhRNEVJZ1FndGdMcWlpMnVKVHZhUHV3RTJIOHBkWEEwM1QzUXlUbVorK090Rkc4SkVUd3dDZ1lJS29aSXpqMEUKQXdJRFJ3QXdSQUlnQXpqRE93QndYM1B1N21vbGFFckEvMjZsV25yYTEvR0lrcnplcjQ2VzZkb0NJRmJrQzNxUAo5aGxLZG1hWG9qSk5Cc2RVanZKdUhZdHpNYzJNY0pQNjNNTkQKLS0tLS1FTkQgQ0VSVElGSUNBVEUtLS0tLQo="
																		],
																		"signing_identity": null,
																		"tls_intermediate_certs": [],
																		"tls_root_certs": [
																			"LS0tLS1CRUdJTiBDRVJUSUZJQ0FURS0tLS0tCk1JSUNMVENDQWRPZ0F3SUJBZ0lRR1VXRnB3alNnWURKOVRuZ2trVGp1VEFLQmdncWhrak9QUVFEQWpCb01Rc3cKQ1FZRFZRUUdFd0pWVXpFVE1CRUdBMVVFQ0JNS1EyRnNhV1p2Y201cFlURVdNQlFHQTFVRUJ4TU5VMkZ1SUVaeQpZVzVqYVhOamJ6RVNNQkFHQTFVRUNoTUplVzlzWldGdUxuTmxNUmd3RmdZRFZRUURFdzkwYkhOallTNTViMnhsCllXNHVjMlV3SGhjTk1qQXdPVEUzTURjME5qQXdXaGNOTXpBd09URTFNRGMwTmpBd1dqQm9NUXN3Q1FZRFZRUUcKRXdKVlV6RVRNQkVHQTFVRUNCTUtRMkZzYVdadmNtNXBZVEVXTUJRR0ExVUVCeE1OVTJGdUlFWnlZVzVqYVhOagpiekVTTUJBR0ExVUVDaE1KZVc5c1pXRnVMbk5sTVJnd0ZnWURWUVFERXc5MGJITmpZUzU1YjJ4bFlXNHVjMlV3CldUQVRCZ2NxaGtqT1BRSUJCZ2dxaGtqT1BRTUJCd05DQUFUQ2Mrdngxc0pJdUR4cjJXNXNHVFF3MjlkWm1WZUYKZjZvZVJ0dUJMRHlLcFZyWkRkY1l0VnBkai80bFQ0RkpmV0N4aTQ5VDRteWgrZ0pUTnA1UUtPb0NvMTh3WFRBTwpCZ05WSFE4QkFmOEVCQU1DQWFZd0R3WURWUjBsQkFnd0JnWUVWUjBsQURBUEJnTlZIUk1CQWY4RUJUQURBUUgvCk1Da0dBMVVkRGdRaUJDQU9VUllKMUNsb2ZodTNDbU4zc0ErWXkrTmNXajNpUnF0UklFU0Q2Mno1enpBS0JnZ3EKaGtqT1BRUURBZ05JQURCRkFpRUFoYmhXekFSUUp6YmVKQ1lyYzVTaWFObTk0L0RRTWZGY21xVlVwWkRtc1g0QwpJRUlkUHY5TXExUHl5YjNrT05QMXg2NkpMd2lpbjlrWjk2UCtJMFNZVTJjZgotLS0tLUVORCBDRVJUSUZJQ0FURS0tLS0tCg=="
																		]
																	},
																	"type": 0
																},
																"version": "0"
															}
														},
														"version": "0"
													}
												},
												"mod_policy": "/Channel/Orderer/Admins",
												"policies": {},
												"values": {
													"ChannelCreationPolicy": {
														"mod_policy": "/Channel/Orderer/Admins",
														"value": {
															"type": 3,
															"value": {
																"rule": "ANY",
																"sub_policy": "Admins"
															}
														},
														"version": "0"
													}
												},
												"version": "0"
											}
										},
										"mod_policy": "/Channel/Orderer/Admins",
										"policies": {
											"Admins": {
												"mod_policy": "/Channel/Orderer/Admins",
												"policy": {
													"type": 1,
													"value": {
														"identities": [],
														"rule": {
															"n_out_of": {
																"n": 0,
																"rules": []
															}
														},
														"version": 0
													}
												},
												"version": "0"
											}
										},
										"values": {},
										"version": "0"
									},
									"Orderer": {
										"groups": {
											"Frontends": {
												"groups": {},
												"mod_policy": "Admins",
												"policies": {
													"Admins": {
														"mod_policy": "Admins",
														"policy": {
															"type": 1,
															"value": {
																"identities": [
																	{
																		"principal": {
																			"msp_identifier": "FrontendsMSP",
																			"role": "ADMIN"
																		},
																		"principal_classification": "ROLE"
																	}
																],
																"rule": {
																	"n_out_of": {
																		"n": 1,
																		"rules": [
																			{
																				"signed_by": 0
																			}
																		]
																	}
																},
																"version": 0
															}
														},
														"version": "0"
													},
													"Readers": {
														"mod_policy": "Admins",
														"policy": {
															"type": 1,
															"value": {
																"identities": [
																	{
																		"principal": {
																			"msp_identifier": "FrontendsMSP",
																			"role": "MEMBER"
																		},
																		"principal_classification": "ROLE"
																	}
																],
																"rule": {
																	"n_out_of": {
																		"n": 1,
																		"rules": [
																			{
																				"signed_by": 0
																			}
																		]
																	}
																},
																"version": 0
															}
														},
														"version": "0"
													},
													"Writers": {
														"mod_policy": "Admins",
														"policy": {
															"type": 1,
															"value": {
																"identities": [
																	{
																		"principal": {
																			"msp_identifier": "FrontendsMSP",
																			"role": "MEMBER"
																		},
																		"principal_classification": "ROLE"
																	}
																],
																"rule": {
																	"n_out_of": {
																		"n": 1,
																		"rules": [
																			{
																				"signed_by": 0
																			}
																		]
																	}
																},
																"version": 0
															}
														},
														"version": "0"
													}
												},
												"values": {
													"MSP": {
														"mod_policy": "Admins",
														"value": {
															"config": {
																"admins": [
																	"LS0tLS1CRUdJTiBDRVJUSUZJQ0FURS0tLS0tCk1JSUNFekNDQWJtZ0F3SUJBZ0lRUElTWlhXaFo5Q1hLY0FmUEhEWnk3REFLQmdncWhrak9QUVFEQWpCdk1Rc3cKQ1FZRFZRUUdFd0pWVXpFVE1CRUdBMVVFQ0JNS1EyRnNhV1p2Y201cFlURVdNQlFHQTFVRUJ4TU5VMkZ1SUVaeQpZVzVqYVhOamJ6RVhNQlVHQTFVRUNoTU9lVzlzWldGdVpuSnZiblF1YzJVeEdqQVlCZ05WQkFNVEVXTmhMbmx2CmJHVmhibVp5YjI1MExuTmxNQjRYRFRJd01Ea3hOekEzTkRZd01Gb1hEVE13TURreE5UQTNORFl3TUZvd1dURUwKTUFrR0ExVUVCaE1DVlZNeEV6QVJCZ05WQkFnVENrTmhiR2xtYjNKdWFXRXhGakFVQmdOVkJBY1REVk5oYmlCRwpjbUZ1WTJselkyOHhIVEFiQmdOVkJBTU1GRUZrYldsdVFIbHZiR1ZoYm1aeWIyNTBMbk5sTUZrd0V3WUhLb1pJCnpqMENBUVlJS29aSXpqMERBUWNEUWdBRXQ5Mnoyc1UyZ1FYZi9VR0h4cGg0RjhNS3VxSkNEd21ucGJtem9uaG0KZnFiOWYzSm9LS1VwRTZ0Qm9mNm5MWmpqbkcyWHB6UUtVMDI3cUNoT29icTdhS05OTUVzd0RnWURWUjBQQVFILwpCQVFEQWdlQU1Bd0dBMVVkRXdFQi93UUNNQUF3S3dZRFZSMGpCQ1F3SW9BZ1A0MWpmbkhkNnEzN1kwZkxJSVMwCm1PcldrbDlSZnhiZXducWVISkhVS29Fd0NnWUlLb1pJemowRUF3SURTQUF3UlFJaEFQd0VvSDhZVm42ZzcySGQKTUgvTWNJTExNSDE3cTkzbTk2NGoyblVnUmp6V0FpQkFWRDZOdGJCZ1JVSG9saUZnUzNTb01DckplT1M1KzAvMQpneGtRaUhPNG53PT0KLS0tLS1FTkQgQ0VSVElGSUNBVEUtLS0tLQo="
																],
																"crypto_config": {
																	"identity_identifier_hash_function": "SHA256",
																	"signature_hash_family": "SHA2"
																},
																"fabric_node_ous": null,
																"intermediate_certs": [],
																"name": "FrontendsMSP",
																"organizational_unit_identifiers": [],
																"revocation_list": [],
																"root_certs": [
																	"LS0tLS1CRUdJTiBDRVJUSUZJQ0FURS0tLS0tCk1JSUNPekNDQWVLZ0F3SUJBZ0lSQUxTN0owT1RxR0tCdnNFRkR4cC9NK0F3Q2dZSUtvWkl6ajBFQXdJd2J6RUwKTUFrR0ExVUVCaE1DVlZNeEV6QVJCZ05WQkFnVENrTmhiR2xtYjNKdWFXRXhGakFVQmdOVkJBY1REVk5oYmlCRwpjbUZ1WTJselkyOHhGekFWQmdOVkJBb1REbmx2YkdWaGJtWnliMjUwTG5ObE1Sb3dHQVlEVlFRREV4RmpZUzU1CmIyeGxZVzVtY205dWRDNXpaVEFlRncweU1EQTVNVGN3TnpRMk1EQmFGdzB6TURBNU1UVXdOelEyTURCYU1HOHgKQ3pBSkJnTlZCQVlUQWxWVE1STXdFUVlEVlFRSUV3cERZV3hwWm05eWJtbGhNUll3RkFZRFZRUUhFdzFUWVc0ZwpSbkpoYm1OcGMyTnZNUmN3RlFZRFZRUUtFdzU1YjJ4bFlXNW1jbTl1ZEM1elpURWFNQmdHQTFVRUF4TVJZMkV1CmVXOXNaV0Z1Wm5KdmJuUXVjMlV3V1RBVEJnY3Foa2pPUFFJQkJnZ3Foa2pPUFFNQkJ3TkNBQVN1UkJJUUFjQ3MKSDc3ejZCYmtBb2RNWWQxbXNKNEI5NkZJbDVjSnQ2UWhRczI4SzNLL2ZCanBRUWtqNzA0SGxaRldjNEhibmlBSwpscE1CYmkvays5elNvMTh3WFRBT0JnTlZIUThCQWY4RUJBTUNBYVl3RHdZRFZSMGxCQWd3QmdZRVZSMGxBREFQCkJnTlZIUk1CQWY4RUJUQURBUUgvTUNrR0ExVWREZ1FpQkNBL2pXTitjZDNxcmZ0alI4c2doTFNZNnRhU1gxRi8KRnQ3Q2VwNGNrZFFxZ1RBS0JnZ3Foa2pPUFFRREFnTkhBREJFQWlBR3hKQnVIOHQwdlF0MkhzTDloRW41RWg3cQpwcVhOZHBkZkxQRmRqQXhwQXdJZ1BSTU9sdFI1SHRmU3VoS0Z6K1c3VGJRcjVoOEEvSzVPSGpjOWgvV3c3MHc9Ci0tLS0tRU5EIENFUlRJRklDQVRFLS0tLS0K"
																],
																"signing_identity": null,
																"tls_intermediate_certs": [],
																"tls_root_certs": [
																	"LS0tLS1CRUdJTiBDRVJUSUZJQ0FURS0tLS0tCk1JSUNRVENDQWVlZ0F3SUJBZ0lRRFV5VFgrRUJXSzA5Z1dYMk9FVVlyakFLQmdncWhrak9QUVFEQWpCeU1Rc3cKQ1FZRFZRUUdFd0pWVXpFVE1CRUdBMVVFQ0JNS1EyRnNhV1p2Y201cFlURVdNQlFHQTFVRUJ4TU5VMkZ1SUVaeQpZVzVqYVhOamJ6RVhNQlVHQTFVRUNoTU9lVzlzWldGdVpuSnZiblF1YzJVeEhUQWJCZ05WQkFNVEZIUnNjMk5oCkxubHZiR1ZoYm1aeWIyNTBMbk5sTUI0WERUSXdNRGt4TnpBM05EWXdNRm9YRFRNd01Ea3hOVEEzTkRZd01Gb3cKY2pFTE1Ba0dBMVVFQmhNQ1ZWTXhFekFSQmdOVkJBZ1RDa05oYkdsbWIzSnVhV0V4RmpBVUJnTlZCQWNURFZOaApiaUJHY21GdVkybHpZMjh4RnpBVkJnTlZCQW9URG5sdmJHVmhibVp5YjI1MExuTmxNUjB3R3dZRFZRUURFeFIwCmJITmpZUzU1YjJ4bFlXNW1jbTl1ZEM1elpUQlpNQk1HQnlxR1NNNDlBZ0VHQ0NxR1NNNDlBd0VIQTBJQUJBRXEKUFZPb0VrZE5LZXpYdVFZakVHVCtkdmE4eWs0K3FXeE9rWTR1dUFIdG9XUnh2QlpYeS9nUUVXd3kreFpPRnBpRAovazNyUXBtMlhHbXF3QjRxcVA2alh6QmRNQTRHQTFVZER3RUIvd1FFQXdJQnBqQVBCZ05WSFNVRUNEQUdCZ1JWCkhTVUFNQThHQTFVZEV3RUIvd1FGTUFNQkFmOHdLUVlEVlIwT0JDSUVJQmtUYndmZDJZdk5CMzZRSlhDUUJHMDYKaE5XbXZXN0FUZUNuOWZ3dFBWSUdNQW9HQ0NxR1NNNDlCQU1DQTBnQU1FVUNJUUQxVXoyMHc2VUNnQlBDRnoySApackhmVmhta3JhTlBBY2RzK3N3RUczMjhNd0lnQThGWWlaMGNlSEYvK2dmWEFkRXRCM0hyOU02akcvQ0xZNzFsCkxOZlArUWs9Ci0tLS0tRU5EIENFUlRJRklDQVRFLS0tLS0K"
																]
															},
															"type": 0
														},
														"version": "0"
													}
												},
												"version": "0"
											},
											"OrderingNodes": {
												"groups": {},
												"mod_policy": "Admins",
												"policies": {
													"Admins": {
														"mod_policy": "Admins",
														"policy": {
															"type": 1,
															"value": {
																"identities": [
																	{
																		"principal": {
																			"msp_identifier": "OrderingNodesMSP",
																			"role": "ADMIN"
																		},
																		"principal_classification": "ROLE"
																	}
																],
																"rule": {
																	"n_out_of": {
																		"n": 1,
																		"rules": [
																			{
																				"signed_by": 0
																			}
																		]
																	}
																},
																"version": 0
															}
														},
														"version": "0"
													},
													"Readers": {
														"mod_policy": "Admins",
														"policy": {
															"type": 1,
															"value": {
																"identities": [
																	{
																		"principal": {
																			"msp_identifier": "OrderingNodesMSP",
																			"role": "MEMBER"
																		},
																		"principal_classification": "ROLE"
																	}
																],
																"rule": {
																	"n_out_of": {
																		"n": 1,
																		"rules": [
																			{
																				"signed_by": 0
																			}
																		]
																	}
																},
																"version": 0
															}
														},
														"version": "0"
													},
													"Writers": {
														"mod_policy": "Admins",
														"policy": {
															"type": 1,
															"value": {
																"identities": [
																	{
																		"principal": {
																			"msp_identifier": "OrderingNodesMSP",
																			"role": "MEMBER"
																		},
																		"principal_classification": "ROLE"
																	},
																	{
																		"principal": {
																			"msp_identifier": "OrderingNodesMSP",
																			"role": "MEMBER"
																		},
																		"principal_classification": "ROLE"
																	}
																],
																"rule": {
																	"n_out_of": {
																		"n": 2,
																		"rules": [
																			{
																				"signed_by": 0
																			},
																			{
																				"signed_by": 1
																			}
																		]
																	}
																},
																"version": 0
															}
														},
														"version": "0"
													}
												},
												"values": {
													"MSP": {
														"mod_policy": "Admins",
														"value": {
															"config": {
																"admins": [
																	"LS0tLS1CRUdJTiBDRVJUSUZJQ0FURS0tLS0tCk1JSUNERENDQWJPZ0F3SUJBZ0lRU1RTYmdCeGVtUm9ybGUvMXgrZmhDVEFLQmdncWhrak9QUVFEQWpCck1Rc3cKQ1FZRFZRUUdFd0pWVXpFVE1CRUdBMVVFQ0JNS1EyRnNhV1p2Y201cFlURVdNQlFHQTFVRUJ4TU5VMkZ1SUVaeQpZVzVqYVhOamJ6RVZNQk1HQTFVRUNoTU1lVzlzWldGdWIzSmtMbk5sTVJnd0ZnWURWUVFERXc5allTNTViMnhsCllXNXZjbVF1YzJVd0hoY05NakF3T1RFM01EYzBOakF3V2hjTk16QXdPVEUxTURjME5qQXdXakJYTVFzd0NRWUQKVlFRR0V3SlZVekVUTUJFR0ExVUVDQk1LUTJGc2FXWnZjbTVwWVRFV01CUUdBMVVFQnhNTlUyRnVJRVp5WVc1agphWE5qYnpFYk1Ca0dBMVVFQXd3U1FXUnRhVzVBZVc5c1pXRnViM0prTG5ObE1Ga3dFd1lIS29aSXpqMENBUVlJCktvWkl6ajBEQVFjRFFnQUVLNndPSVBNZTRFZ0c2VTNYdDhRN2hRaDB0YndMOXNabXlxM1k3czhyaWYycm9rT0QKcnhSbVpiNEh2cGIyNGx2QXZ6dDFDeWVpbGJ5RmdRZVVXUE92QTZOTk1Fc3dEZ1lEVlIwUEFRSC9CQVFEQWdlQQpNQXdHQTFVZEV3RUIvd1FDTUFBd0t3WURWUjBqQkNRd0lvQWdySW9FTzVocUh5TkgxVHJTTnVKUEFTVk4vVkRjCnlkWkVBWThjZlIvNXZnRXdDZ1lJS29aSXpqMEVBd0lEUndBd1JBSWdKcUhtQk00a3VqSVk1NHV3RGlUNW5UMngKcFdNbjIzNkcyVDQ1QS9zYnJ0Y0NJQlRSSDRGVHJVTFduVmltcXkxdDBJM2hValZaQmdUVjVDcWtIVmJuVjYwNAotLS0tLUVORCBDRVJUSUZJQ0FURS0tLS0tCg=="
																],
																"crypto_config": {
																	"identity_identifier_hash_function": "SHA256",
																	"signature_hash_family": "SHA2"
																},
																"fabric_node_ous": null,
																"intermediate_certs": [],
																"name": "OrderingNodesMSP",
																"organizational_unit_identifiers": [],
																"revocation_list": [],
																"root_certs": [
																	"LS0tLS1CRUdJTiBDRVJUSUZJQ0FURS0tLS0tCk1JSUNNakNDQWRtZ0F3SUJBZ0lRSCtlS1pqenJYVS9rLzNUU29xSzdwVEFLQmdncWhrak9QUVFEQWpCck1Rc3cKQ1FZRFZRUUdFd0pWVXpFVE1CRUdBMVVFQ0JNS1EyRnNhV1p2Y201cFlURVdNQlFHQTFVRUJ4TU5VMkZ1SUVaeQpZVzVqYVhOamJ6RVZNQk1HQTFVRUNoTU1lVzlzWldGdWIzSmtMbk5sTVJnd0ZnWURWUVFERXc5allTNTViMnhsCllXNXZjbVF1YzJVd0hoY05NakF3T1RFM01EYzBOakF3V2hjTk16QXdPVEUxTURjME5qQXdXakJyTVFzd0NRWUQKVlFRR0V3SlZVekVUTUJFR0ExVUVDQk1LUTJGc2FXWnZjbTVwWVRFV01CUUdBMVVFQnhNTlUyRnVJRVp5WVc1agphWE5qYnpFVk1CTUdBMVVFQ2hNTWVXOXNaV0Z1YjNKa0xuTmxNUmd3RmdZRFZRUURFdzlqWVM1NWIyeGxZVzV2CmNtUXVjMlV3V1RBVEJnY3Foa2pPUFFJQkJnZ3Foa2pPUFFNQkJ3TkNBQVRtakM2SVdCM0R4a3VNU2syQU1qc3gKYVhNc3BaNkNEdlZNUTJHbElwcW9QNTQzSHA5MU1BQjQ0OGxwVUdiUGs4aFUzUkhDZlBvazJTT0dCTEp2bFEyMQpvMTh3WFRBT0JnTlZIUThCQWY4RUJBTUNBYVl3RHdZRFZSMGxCQWd3QmdZRVZSMGxBREFQQmdOVkhSTUJBZjhFCkJUQURBUUgvTUNrR0ExVWREZ1FpQkNDc2lnUTdtR29mSTBmVk90STI0azhCSlUzOVVOekoxa1FCanh4OUgvbSsKQVRBS0JnZ3Foa2pPUFFRREFnTkhBREJFQWlBa2tTejUxdUx0ZXlRTnVFTDdXMmFDdU5wMVFxM3ZqVzBnbVgzMQphc21lY1FJZ2Jkc3FXcjhVRDhGQ0dIUitiL2NNMXJsRWdwc3NQeEdOTUUvME8xZ1FTUHM9Ci0tLS0tRU5EIENFUlRJRklDQVRFLS0tLS0K"
																],
																"signing_identity": null,
																"tls_intermediate_certs": [],
																"tls_root_certs": [
																	"LS0tLS1CRUdJTiBDRVJUSUZJQ0FURS0tLS0tCk1JSUNPVENDQWQrZ0F3SUJBZ0lRRzVmWXZyK2xqU29oNW82Nm9tQ2lJVEFLQmdncWhrak9QUVFEQWpCdU1Rc3cKQ1FZRFZRUUdFd0pWVXpFVE1CRUdBMVVFQ0JNS1EyRnNhV1p2Y201cFlURVdNQlFHQTFVRUJ4TU5VMkZ1SUVaeQpZVzVqYVhOamJ6RVZNQk1HQTFVRUNoTU1lVzlzWldGdWIzSmtMbk5sTVJzd0dRWURWUVFERXhKMGJITmpZUzU1CmIyeGxZVzV2Y21RdWMyVXdIaGNOTWpBd09URTNNRGMwTmpBd1doY05NekF3T1RFMU1EYzBOakF3V2pCdU1Rc3cKQ1FZRFZRUUdFd0pWVXpFVE1CRUdBMVVFQ0JNS1EyRnNhV1p2Y201cFlURVdNQlFHQTFVRUJ4TU5VMkZ1SUVaeQpZVzVqYVhOamJ6RVZNQk1HQTFVRUNoTU1lVzlzWldGdWIzSmtMbk5sTVJzd0dRWURWUVFERXhKMGJITmpZUzU1CmIyeGxZVzV2Y21RdWMyVXdXVEFUQmdjcWhrak9QUUlCQmdncWhrak9QUU1CQndOQ0FBVHdQaXpBbjgwaEFUb1MKR2lUZFRIRFRZdStYMG8yT0FpbHVrbkdVcm5DSFRGcndwUDZnNjM0ZWJid1o0SWlJOUJJRHd2YzZCZkRiNXlzMApDdEdBWFJEdm8xOHdYVEFPQmdOVkhROEJBZjhFQkFNQ0FhWXdEd1lEVlIwbEJBZ3dCZ1lFVlIwbEFEQVBCZ05WCkhSTUJBZjhFQlRBREFRSC9NQ2tHQTFVZERnUWlCQ0QwSTVadXBXa0lsZlRrRDBXRXZMai8wU0FiS3VPUU1iZXIKM2dRMCtTTWxkakFLQmdncWhrak9QUVFEQWdOSUFEQkZBaUVBN0wzN0lKN25JcUxrOE8zU3VoSE1WeXFEYy94Uwo2eFFMd3YxbmU5Y0o2c3NDSURuNG4rRzRLbTRNNCtZZ0FYVFJsY3ZzWEEzUUZBWkk2bm93b3BxUVpDTGEKLS0tLS1FTkQgQ0VSVElGSUNBVEUtLS0tLQo="
																]
															},
															"type": 0
														},
														"version": "0"
													}
												},
												"version": "0"
											}
										},
										"mod_policy": "Admins",
										"policies": {
											"Admins": {
												"mod_policy": "Admins",
												"policy": {
													"type": 3,
													"value": {
														"rule": "MAJORITY",
														"sub_policy": "Admins"
													}
												},
												"version": "0"
											},
											"BlockValidation": {
												"mod_policy": "Admins",
												"policy": {
													"type": 3,
													"value": {
														"rule": "ANY",
														"sub_policy": "Writers"
													}
												},
												"version": "0"
											},
											"Readers": {
												"mod_policy": "Admins",
												"policy": {
													"type": 3,
													"value": {
														"rule": "ANY",
														"sub_policy": "Readers"
													}
												},
												"version": "0"
											},
											"Writers": {
												"mod_policy": "Admins",
												"policy": {
													"type": 3,
													"value": {
														"rule": "ANY",
														"sub_policy": "Writers"
													}
												},
												"version": "0"
											}
										},
										"values": {
											"BatchSize": {
												"mod_policy": "Admins",
												"value": {
													"absolute_max_bytes": 102760448,
													"max_message_count": 5,
													"preferred_max_bytes": 1048576
												},
												"version": "0"
											},
											"BatchTimeout": {
												"mod_policy": "Admins",
												"value": {
													"timeout": "2s"
												},
												"version": "0"
											},
											"Capabilities": {
												"mod_policy": "Admins",
												"value": {
													"capabilities": {
														"V1_1": {}
													}
												},
												"version": "0"
											},
											"ChannelRestrictions": {
												"mod_policy": "Admins",
												"value": null,
												"version": "0"
											},
											"ConsensusType": {
												"mod_policy": "Admins",
												"value": {
													"metadata": null,
													"state": "STATE_NORMAL",
													"type": "bftsmart"
												},
												"version": "0"
											},
											"KafkaBrokers": {
												"mod_policy": "Admins",
												"value": null,
												"version": "0"
											}
										},
										"version": "0"
									}
								},
								"mod_policy": "Admins",
								"policies": {
									"Admins": {
										"mod_policy": "Admins",
										"policy": {
											"type": 3,
											"value": {
												"rule": "MAJORITY",
												"sub_policy": "Admins"
											}
										},
										"version": "0"
									},
									"Readers": {
										"mod_policy": "Admins",
										"policy": {
											"type": 3,
											"value": {
												"rule": "ANY",
												"sub_policy": "Readers"
											}
										},
										"version": "0"
									},
									"Writers": {
										"mod_policy": "Admins",
										"policy": {
											"type": 3,
											"value": {
												"rule": "ANY",
												"sub_policy": "Writers"
											}
										},
										"version": "0"
									}
								},
								"values": {
									"BlockDataHashingStructure": {
										"mod_policy": "Admins",
										"value": {
											"width": 4294967295
										},
										"version": "0"
									},
									"Capabilities": {
										"mod_policy": "Admins",
										"value": {
											"capabilities": {
												"V1_3": {}
											}
										},
										"version": "0"
									},
									"HashingAlgorithm": {
										"mod_policy": "Admins",
										"value": {
											"name": "SHA256"
										},
										"version": "0"
									},
									"OrdererAddresses": {
										"mod_policy": "/Channel/Orderer/Admins",
										"value": {
											"addresses": [
												"1000.yoleanfront.se:7050"
											]
										},
										"version": "0"
									}
								},
								"version": "0"
							},
							"sequence": "0"
						},
						"last_update": null
					},
					"header": {
						"channel_header": {
							"channel_id": "testchainid",
							"epoch": "0",
							"extension": null,
							"timestamp": "2020-09-17T07:50:37Z",
							"tls_cert_hash": null,
							"tx_id": "e21b264b24d65ed772c10fc045e0748385a945e69f22804fb558cc55927d7d11",
							"type": 1,
							"version": 1
						},
						"signature_header": {
							"creator": null,
							"nonce": "Xu9BtrdJ4NP1/7JPKAz5WBClJsGPsQBO"
						}
					}
				},
				"signature": null
			}
		]
	},
	"header": {
		"data_hash": "GkvupMmu6OQ19MHneoBA0UnRyAMMGIYYrqgkY6scGnw=",
		"number": "0",
		"previous_hash": null
	},
	"metadata": {
		"metadata": [
			"",
			"",
			"",
			""
		]
	}
}
